
Microsoft Visual Studio Solution File, Format Version 12.00
# Visual Studio Version 17
VisualStudioVersion = 17.0.32014.148
MinimumVisualStudioVersion = 10.0.40219.1
Project("{FAE04EC0-301F-11D3-BF4B-00C04F79EFBC}") = "VeritabaniYonetimSistemleriFinalProjesi", "VeritabaniYonetimSistemleriFinalProjesi.csproj", "{9FF76AB4-25EB-4C15-B746-3D0C1916822D}"
EndProject
Project("{9A19103F-16F7-4668-BE54-9A1E7A4F7556}") = "odevOgrenciOtomasyonu", "..\odevOgrenciOtomasyonu\odevOgrenciOtomasyonu.csproj", "{2E0E76F5-ABDD-414C-A4B7-48B2FFD371D8}"
EndProject
Project("{9A19103F-16F7-4668-BE54-9A1E7A4F7556}") = "odevsena", "..\odevsena\odevsena.csproj", "{2F27E00F-D2D4-44EC-A22D-2D697F9642B0}"
EndProject
Project("{FAE04EC0-301F-11D3-BF4B-00C04F79EFBC}") = "odev", "..\odev\odev\odev.csproj", "{75AE1E29-83B9-4BC1-825D-0BF96A6DA282}"
EndProject
Global
	GlobalSection(SolutionConfigurationPlatforms) = preSolution
		Debug|Any CPU = Debug|Any CPU
		Release|Any CPU = Release|Any CPU
	EndGlobalSection
	GlobalSection(ProjectConfigurationPlatforms) = postSolution
		{9FF76AB4-25EB-4C15-B746-3D0C1916822D}.Debug|Any CPU.ActiveCfg = Debug|Any CPU
		{9FF76AB4-25EB-4C15-B746-3D0C1916822D}.Debug|Any CPU.Build.0 = Debug|Any CPU
		{9FF76AB4-25EB-4C15-B746-3D0C1916822D}.Release|Any CPU.ActiveCfg = Release|Any CPU
		{9FF76AB4-25EB-4C15-B746-3D0C1916822D}.Release|Any CPU.Build.0 = Release|Any CPU
		{2E0E76F5-ABDD-414C-A4B7-48B2FFD371D8}.Debug|Any CPU.ActiveCfg = Debug|Any CPU
		{2E0E76F5-ABDD-414C-A4B7-48B2FFD371D8}.Debug|Any CPU.Build.0 = Debug|Any CPU
		{2E0E76F5-ABDD-414C-A4B7-48B2FFD371D8}.Release|Any CPU.ActiveCfg = Release|Any CPU
		{2E0E76F5-ABDD-414C-A4B7-48B2FFD371D8}.Release|Any CPU.Build.0 = Release|Any CPU
		{2F27E00F-D2D4-44EC-A22D-2D697F9642B0}.Debug|Any CPU.ActiveCfg = Debug|Any CPU
		{2F27E00F-D2D4-44EC-A22D-2D697F9642B0}.Debug|Any CPU.Build.0 = Debug|Any CPU
		{2F27E00F-D2D4-44EC-A22D-2D697F9642B0}.Release|Any CPU.ActiveCfg = Release|Any CPU
		{2F27E00F-D2D4-44EC-A22D-2D697F9642B0}.Release|Any CPU.Build.0 = Release|Any CPU
		{75AE1E29-83B9-4BC1-825D-0BF96A6DA282}.Debug|Any CPU.ActiveCfg = Debug|Any CPU
		{75AE1E29-83B9-4BC1-825D-0BF96A6DA282}.Debug|Any CPU.Build.0 = Debug|Any CPU
		{75AE1E29-83B9-4BC1-825D-0BF96A6DA282}.Release|Any CPU.ActiveCfg = Release|Any CPU
		{75AE1E29-83B9-4BC1-825D-0BF96A6DA282}.Release|Any CPU.Build.0 = Release|Any CPU
	EndGlobalSection
	GlobalSection(SolutionProperties) = preSolution
		HideSolutionNode = FALSE
	EndGlobalSection
	GlobalSection(ExtensibilityGlobals) = postSolution
		SolutionGuid = {DB5E2317-1ABA-4793-BB55-6DCAB0DFCDB1}
	EndGlobalSection
EndGlobal
